
Microsoft Visual Studio Solution File, Format Version 12.00
# Visual Studio Version 17
VisualStudioVersion = 17.1.32228.430
MinimumVisualStudioVersion = 10.0.40219.1
Project("{D954291E-2A0B-460D-934E-DC6B0785DB48}") = "UnoTryOuts.Shared", "UnoTryOuts\UnoTryOuts.Shared\UnoTryOuts.Shared.shproj", "{6279C845-92F8-4333-AB99-3D213163593C}"
EndProject
Project("{2150E333-8FDC-42A3-9474-1A3956D46DE8}") = "Platforms", "Platforms", "{8DC90DA5-9067-418E-AB8F-21304D22B10F}"
EndProject
Project("{FAE04EC0-301F-11D3-BF4B-00C04F79EFBC}") = "UnoTryOuts.Mobile", "UnoTryOuts\UnoTryOuts.Mobile\UnoTryOuts.Mobile.csproj", "{32080683-C9C1-4966-89D5-47DB5B45142B}"
EndProject
Project("{FAE04EC0-301F-11D3-BF4B-00C04F79EFBC}") = "UnoTryOuts.UWP", "UnoTryOuts\UnoTryOuts.UWP\UnoTryOuts.UWP.csproj", "{3CF5B9B4-8C1B-4492-88AD-1D975292DEE0}"
EndProject
Project("{FAE04EC0-301F-11D3-BF4B-00C04F79EFBC}") = "UnoTryOuts.Wasm", "UnoTryOuts\UnoTryOuts.Wasm\UnoTryOuts.Wasm.csproj", "{1B365052-D3B5-4819-B5EB-B40703FAC6AF}"
EndProject
Project("{FAE04EC0-301F-11D3-BF4B-00C04F79EFBC}") = "UnoTryOuts.Skia.Wpf.Host", "UnoTryOuts\UnoTryOuts.Skia.Wpf.Host\UnoTryOuts.Skia.Wpf.Host.csproj", "{69A805B2-11AE-446A-BFA8-EDDEDD45AC57}"
EndProject
Project("{FAE04EC0-301F-11D3-BF4B-00C04F79EFBC}") = "UnoTryOuts.Skia.Wpf", "UnoTryOuts\UnoTryOuts.Skia.Wpf\UnoTryOuts.Skia.Wpf.csproj", "{9D10E639-76FD-4052-AB97-DCC0EE36FA99}"
EndProject
Project("{FAE04EC0-301F-11D3-BF4B-00C04F79EFBC}") = "UnoTryOuts.Skia.Gtk", "UnoTryOuts\UnoTryOuts.Skia.Gtk\UnoTryOuts.Skia.Gtk.csproj", "{A91ED73E-EC67-4B65-B83A-9C22F24807EF}"
EndProject
Global
	GlobalSection(SharedMSBuildProjectFiles) = preSolution
		UnoTryOuts\UnoTryOuts.Shared\UnoTryOuts.Shared.projitems*{1b365052-d3b5-4819-b5eb-b40703fac6af}*SharedItemsImports = 5
		UnoTryOuts\UnoTryOuts.Shared\UnoTryOuts.Shared.projitems*{32080683-c9c1-4966-89d5-47db5b45142b}*SharedItemsImports = 5
		UnoTryOuts\UnoTryOuts.Shared\UnoTryOuts.Shared.projitems*{3cf5b9b4-8c1b-4492-88ad-1d975292dee0}*SharedItemsImports = 4
		UnoTryOuts\UnoTryOuts.Shared\UnoTryOuts.Shared.projitems*{6279c845-92f8-4333-ab99-3d213163593c}*SharedItemsImports = 13
		UnoTryOuts\UnoTryOuts.Shared\UnoTryOuts.Shared.projitems*{9d10e639-76fd-4052-ab97-dcc0ee36fa99}*SharedItemsImports = 5
		UnoTryOuts\UnoTryOuts.Shared\UnoTryOuts.Shared.projitems*{a91ed73e-ec67-4b65-b83a-9c22f24807ef}*SharedItemsImports = 5
	EndGlobalSection
	GlobalSection(SolutionConfigurationPlatforms) = preSolution
		Debug|Any CPU = Debug|Any CPU
		Debug|ARM = Debug|ARM
		Debug|ARM64 = Debug|ARM64
		Debug|x64 = Debug|x64
		Debug|x86 = Debug|x86
		Release|Any CPU = Release|Any CPU
		Release|ARM = Release|ARM
		Release|ARM64 = Release|ARM64
		Release|x64 = Release|x64
		Release|x86 = Release|x86
	EndGlobalSection
	GlobalSection(ProjectConfigurationPlatforms) = postSolution
		{32080683-C9C1-4966-89D5-47DB5B45142B}.Debug|Any CPU.ActiveCfg = Debug|Any CPU
		{32080683-C9C1-4966-89D5-47DB5B45142B}.Debug|Any CPU.Build.0 = Debug|Any CPU
		{32080683-C9C1-4966-89D5-47DB5B45142B}.Debug|Any CPU.Deploy.0 = Debug|Any CPU
		{32080683-C9C1-4966-89D5-47DB5B45142B}.Debug|ARM.ActiveCfg = Debug|Any CPU
		{32080683-C9C1-4966-89D5-47DB5B45142B}.Debug|ARM.Build.0 = Debug|Any CPU
		{32080683-C9C1-4966-89D5-47DB5B45142B}.Debug|ARM.Deploy.0 = Debug|Any CPU
		{32080683-C9C1-4966-89D5-47DB5B45142B}.Debug|ARM64.ActiveCfg = Debug|Any CPU
		{32080683-C9C1-4966-89D5-47DB5B45142B}.Debug|ARM64.Build.0 = Debug|Any CPU
		{32080683-C9C1-4966-89D5-47DB5B45142B}.Debug|ARM64.Deploy.0 = Debug|Any CPU
		{32080683-C9C1-4966-89D5-47DB5B45142B}.Debug|x64.ActiveCfg = Debug|Any CPU
		{32080683-C9C1-4966-89D5-47DB5B45142B}.Debug|x64.Build.0 = Debug|Any CPU
		{32080683-C9C1-4966-89D5-47DB5B45142B}.Debug|x64.Deploy.0 = Debug|Any CPU
		{32080683-C9C1-4966-89D5-47DB5B45142B}.Debug|x86.ActiveCfg = Debug|Any CPU
		{32080683-C9C1-4966-89D5-47DB5B45142B}.Debug|x86.Build.0 = Debug|Any CPU
		{32080683-C9C1-4966-89D5-47DB5B45142B}.Debug|x86.Deploy.0 = Debug|Any CPU
		{32080683-C9C1-4966-89D5-47DB5B45142B}.Release|Any CPU.ActiveCfg = Release|Any CPU
		{32080683-C9C1-4966-89D5-47DB5B45142B}.Release|Any CPU.Build.0 = Release|Any CPU
		{32080683-C9C1-4966-89D5-47DB5B45142B}.Release|Any CPU.Deploy.0 = Release|Any CPU
		{32080683-C9C1-4966-89D5-47DB5B45142B}.Release|ARM.ActiveCfg = Release|Any CPU
		{32080683-C9C1-4966-89D5-47DB5B45142B}.Release|ARM.Build.0 = Release|Any CPU
		{32080683-C9C1-4966-89D5-47DB5B45142B}.Release|ARM.Deploy.0 = Release|Any CPU
		{32080683-C9C1-4966-89D5-47DB5B45142B}.Release|ARM64.ActiveCfg = Release|Any CPU
		{32080683-C9C1-4966-89D5-47DB5B45142B}.Release|ARM64.Build.0 = Release|Any CPU
		{32080683-C9C1-4966-89D5-47DB5B45142B}.Release|ARM64.Deploy.0 = Release|Any CPU
		{32080683-C9C1-4966-89D5-47DB5B45142B}.Release|x64.ActiveCfg = Release|Any CPU
		{32080683-C9C1-4966-89D5-47DB5B45142B}.Release|x64.Build.0 = Release|Any CPU
		{32080683-C9C1-4966-89D5-47DB5B45142B}.Release|x64.Deploy.0 = Release|Any CPU
		{32080683-C9C1-4966-89D5-47DB5B45142B}.Release|x86.ActiveCfg = Release|Any CPU
		{32080683-C9C1-4966-89D5-47DB5B45142B}.Release|x86.Build.0 = Release|Any CPU
		{32080683-C9C1-4966-89D5-47DB5B45142B}.Release|x86.Deploy.0 = Release|Any CPU
		{3CF5B9B4-8C1B-4492-88AD-1D975292DEE0}.Debug|Any CPU.ActiveCfg = Debug|x64
		{3CF5B9B4-8C1B-4492-88AD-1D975292DEE0}.Debug|Any CPU.Build.0 = Debug|x64
		{3CF5B9B4-8C1B-4492-88AD-1D975292DEE0}.Debug|Any CPU.Deploy.0 = Debug|x64
		{3CF5B9B4-8C1B-4492-88AD-1D975292DEE0}.Debug|ARM.ActiveCfg = Debug|ARM
		{3CF5B9B4-8C1B-4492-88AD-1D975292DEE0}.Debug|ARM.Build.0 = Debug|ARM
		{3CF5B9B4-8C1B-4492-88AD-1D975292DEE0}.Debug|ARM.Deploy.0 = Debug|ARM
		{3CF5B9B4-8C1B-4492-88AD-1D975292DEE0}.Debug|ARM64.ActiveCfg = Debug|ARM64
		{3CF5B9B4-8C1B-4492-88AD-1D975292DEE0}.Debug|ARM64.Build.0 = Debug|ARM64
		{3CF5B9B4-8C1B-4492-88AD-1D975292DEE0}.Debug|ARM64.Deploy.0 = Debug|ARM64
		{3CF5B9B4-8C1B-4492-88AD-1D975292DEE0}.Debug|x64.ActiveCfg = Debug|x64
		{3CF5B9B4-8C1B-4492-88AD-1D975292DEE0}.Debug|x64.Build.0 = Debug|x64
		{3CF5B9B4-8C1B-4492-88AD-1D975292DEE0}.Debug|x64.Deploy.0 = Debug|x64
		{3CF5B9B4-8C1B-4492-88AD-1D975292DEE0}.Debug|x86.ActiveCfg = Debug|x86
		{3CF5B9B4-8C1B-4492-88AD-1D975292DEE0}.Debug|x86.Build.0 = Debug|x86
		{3CF5B9B4-8C1B-4492-88AD-1D975292DEE0}.Debug|x86.Deploy.0 = Debug|x86
		{3CF5B9B4-8C1B-4492-88AD-1D975292DEE0}.Release|Any CPU.ActiveCfg = Release|x64
		{3CF5B9B4-8C1B-4492-88AD-1D975292DEE0}.Release|Any CPU.Build.0 = Release|x64
		{3CF5B9B4-8C1B-4492-88AD-1D975292DEE0}.Release|Any CPU.Deploy.0 = Release|x64
		{3CF5B9B4-8C1B-4492-88AD-1D975292DEE0}.Release|ARM.ActiveCfg = Release|ARM
		{3CF5B9B4-8C1B-4492-88AD-1D975292DEE0}.Release|ARM.Build.0 = Release|ARM
		{3CF5B9B4-8C1B-4492-88AD-1D975292DEE0}.Release|ARM.Deploy.0 = Release|ARM
		{3CF5B9B4-8C1B-4492-88AD-1D975292DEE0}.Release|ARM64.ActiveCfg = Release|ARM64
		{3CF5B9B4-8C1B-4492-88AD-1D975292DEE0}.Release|ARM64.Build.0 = Release|ARM64
		{3CF5B9B4-8C1B-4492-88AD-1D975292DEE0}.Release|ARM64.Deploy.0 = Release|ARM64
		{3CF5B9B4-8C1B-4492-88AD-1D975292DEE0}.Release|x64.ActiveCfg = Release|x64
		{3CF5B9B4-8C1B-4492-88AD-1D975292DEE0}.Release|x64.Build.0 = Release|x64
		{3CF5B9B4-8C1B-4492-88AD-1D975292DEE0}.Release|x64.Deploy.0 = Release|x64
		{3CF5B9B4-8C1B-4492-88AD-1D975292DEE0}.Release|x86.ActiveCfg = Release|x86
		{3CF5B9B4-8C1B-4492-88AD-1D975292DEE0}.Release|x86.Build.0 = Release|x86
		{3CF5B9B4-8C1B-4492-88AD-1D975292DEE0}.Release|x86.Deploy.0 = Release|x86
		{1B365052-D3B5-4819-B5EB-B40703FAC6AF}.Debug|Any CPU.ActiveCfg = Debug|Any CPU
		{1B365052-D3B5-4819-B5EB-B40703FAC6AF}.Debug|Any CPU.Build.0 = Debug|Any CPU
		{1B365052-D3B5-4819-B5EB-B40703FAC6AF}.Debug|ARM.ActiveCfg = Debug|Any CPU
		{1B365052-D3B5-4819-B5EB-B40703FAC6AF}.Debug|ARM.Build.0 = Debug|Any CPU
		{1B365052-D3B5-4819-B5EB-B40703FAC6AF}.Debug|ARM64.ActiveCfg = Debug|Any CPU
		{1B365052-D3B5-4819-B5EB-B40703FAC6AF}.Debug|ARM64.Build.0 = Debug|Any CPU
		{1B365052-D3B5-4819-B5EB-B40703FAC6AF}.Debug|x64.ActiveCfg = Debug|Any CPU
		{1B365052-D3B5-4819-B5EB-B40703FAC6AF}.Debug|x64.Build.0 = Debug|Any CPU
		{1B365052-D3B5-4819-B5EB-B40703FAC6AF}.Debug|x86.ActiveCfg = Debug|Any CPU
		{1B365052-D3B5-4819-B5EB-B40703FAC6AF}.Debug|x86.Build.0 = Debug|Any CPU
		{1B365052-D3B5-4819-B5EB-B40703FAC6AF}.Release|Any CPU.ActiveCfg = Release|Any CPU
		{1B365052-D3B5-4819-B5EB-B40703FAC6AF}.Release|Any CPU.Build.0 = Release|Any CPU
		{1B365052-D3B5-4819-B5EB-B40703FAC6AF}.Release|ARM.ActiveCfg = Release|Any CPU
		{1B365052-D3B5-4819-B5EB-B40703FAC6AF}.Release|ARM.Build.0 = Release|Any CPU
		{1B365052-D3B5-4819-B5EB-B40703FAC6AF}.Release|ARM64.ActiveCfg = Release|Any CPU
		{1B365052-D3B5-4819-B5EB-B40703FAC6AF}.Release|ARM64.Build.0 = Release|Any CPU
		{1B365052-D3B5-4819-B5EB-B40703FAC6AF}.Release|x64.ActiveCfg = Release|Any CPU
		{1B365052-D3B5-4819-B5EB-B40703FAC6AF}.Release|x64.Build.0 = Release|Any CPU
		{1B365052-D3B5-4819-B5EB-B40703FAC6AF}.Release|x86.ActiveCfg = Release|Any CPU
		{1B365052-D3B5-4819-B5EB-B40703FAC6AF}.Release|x86.Build.0 = Release|Any CPU
		{69A805B2-11AE-446A-BFA8-EDDEDD45AC57}.Debug|Any CPU.ActiveCfg = Debug|Any CPU
		{69A805B2-11AE-446A-BFA8-EDDEDD45AC57}.Debug|Any CPU.Build.0 = Debug|Any CPU
		{69A805B2-11AE-446A-BFA8-EDDEDD45AC57}.Debug|ARM.ActiveCfg = Debug|Any CPU
		{69A805B2-11AE-446A-BFA8-EDDEDD45AC57}.Debug|ARM.Build.0 = Debug|Any CPU
		{69A805B2-11AE-446A-BFA8-EDDEDD45AC57}.Debug|ARM64.ActiveCfg = Debug|Any CPU
		{69A805B2-11AE-446A-BFA8-EDDEDD45AC57}.Debug|ARM64.Build.0 = Debug|Any CPU
		{69A805B2-11AE-446A-BFA8-EDDEDD45AC57}.Debug|x64.ActiveCfg = Debug|Any CPU
		{69A805B2-11AE-446A-BFA8-EDDEDD45AC57}.Debug|x64.Build.0 = Debug|Any CPU
		{69A805B2-11AE-446A-BFA8-EDDEDD45AC57}.Debug|x86.ActiveCfg = Debug|Any CPU
		{69A805B2-11AE-446A-BFA8-EDDEDD45AC57}.Debug|x86.Build.0 = Debug|Any CPU
		{69A805B2-11AE-446A-BFA8-EDDEDD45AC57}.Release|Any CPU.ActiveCfg = Release|Any CPU
		{69A805B2-11AE-446A-BFA8-EDDEDD45AC57}.Release|Any CPU.Build.0 = Release|Any CPU
		{69A805B2-11AE-446A-BFA8-EDDEDD45AC57}.Release|ARM.ActiveCfg = Release|Any CPU
		{69A805B2-11AE-446A-BFA8-EDDEDD45AC57}.Release|ARM.Build.0 = Release|Any CPU
		{69A805B2-11AE-446A-BFA8-EDDEDD45AC57}.Release|ARM64.ActiveCfg = Release|Any CPU
		{69A805B2-11AE-446A-BFA8-EDDEDD45AC57}.Release|ARM64.Build.0 = Release|Any CPU
		{69A805B2-11AE-446A-BFA8-EDDEDD45AC57}.Release|x64.ActiveCfg = Release|Any CPU
		{69A805B2-11AE-446A-BFA8-EDDEDD45AC57}.Release|x64.Build.0 = Release|Any CPU
		{69A805B2-11AE-446A-BFA8-EDDEDD45AC57}.Release|x86.ActiveCfg = Release|Any CPU
		{69A805B2-11AE-446A-BFA8-EDDEDD45AC57}.Release|x86.Build.0 = Release|Any CPU
		{9D10E639-76FD-4052-AB97-DCC0EE36FA99}.Debug|Any CPU.ActiveCfg = Debug|Any CPU
		{9D10E639-76FD-4052-AB97-DCC0EE36FA99}.Debug|Any CPU.Build.0 = Debug|Any CPU
		{9D10E639-76FD-4052-AB97-DCC0EE36FA99}.Debug|ARM.ActiveCfg = Debug|Any CPU
		{9D10E639-76FD-4052-AB97-DCC0EE36FA99}.Debug|ARM.Build.0 = Debug|Any CPU
		{9D10E639-76FD-4052-AB97-DCC0EE36FA99}.Debug|ARM64.ActiveCfg = Debug|Any CPU
		{9D10E639-76FD-4052-AB97-DCC0EE36FA99}.Debug|ARM64.Build.0 = Debug|Any CPU
		{9D10E639-76FD-4052-AB97-DCC0EE36FA99}.Debug|x64.ActiveCfg = Debug|Any CPU
		{9D10E639-76FD-4052-AB97-DCC0EE36FA99}.Debug|x64.Build.0 = Debug|Any CPU
		{9D10E639-76FD-4052-AB97-DCC0EE36FA99}.Debug|x86.ActiveCfg = Debug|Any CPU
		{9D10E639-76FD-4052-AB97-DCC0EE36FA99}.Debug|x86.Build.0 = Debug|Any CPU
		{9D10E639-76FD-4052-AB97-DCC0EE36FA99}.Release|Any CPU.ActiveCfg = Release|Any CPU
		{9D10E639-76FD-4052-AB97-DCC0EE36FA99}.Release|Any CPU.Build.0 = Release|Any CPU
		{9D10E639-76FD-4052-AB97-DCC0EE36FA99}.Release|ARM.ActiveCfg = Release|Any CPU
		{9D10E639-76FD-4052-AB97-DCC0EE36FA99}.Release|ARM.Build.0 = Release|Any CPU
		{9D10E639-76FD-4052-AB97-DCC0EE36FA99}.Release|ARM64.ActiveCfg = Release|Any CPU
		{9D10E639-76FD-4052-AB97-DCC0EE36FA99}.Release|ARM64.Build.0 = Release|Any CPU
		{9D10E639-76FD-4052-AB97-DCC0EE36FA99}.Release|x64.ActiveCfg = Release|Any CPU
		{9D10E639-76FD-4052-AB97-DCC0EE36FA99}.Release|x64.Build.0 = Release|Any CPU
		{9D10E639-76FD-4052-AB97-DCC0EE36FA99}.Release|x86.ActiveCfg = Release|Any CPU
		{9D10E639-76FD-4052-AB97-DCC0EE36FA99}.Release|x86.Build.0 = Release|Any CPU
		{A91ED73E-EC67-4B65-B83A-9C22F24807EF}.Debug|Any CPU.ActiveCfg = Debug|Any CPU
		{A91ED73E-EC67-4B65-B83A-9C22F24807EF}.Debug|Any CPU.Build.0 = Debug|Any CPU
		{A91ED73E-EC67-4B65-B83A-9C22F24807EF}.Debug|ARM.ActiveCfg = Debug|Any CPU
		{A91ED73E-EC67-4B65-B83A-9C22F24807EF}.Debug|ARM.Build.0 = Debug|Any CPU
		{A91ED73E-EC67-4B65-B83A-9C22F24807EF}.Debug|ARM64.ActiveCfg = Debug|Any CPU
		{A91ED73E-EC67-4B65-B83A-9C22F24807EF}.Debug|ARM64.Build.0 = Debug|Any CPU
		{A91ED73E-EC67-4B65-B83A-9C22F24807EF}.Debug|x64.ActiveCfg = Debug|Any CPU
		{A91ED73E-EC67-4B65-B83A-9C22F24807EF}.Debug|x64.Build.0 = Debug|Any CPU
		{A91ED73E-EC67-4B65-B83A-9C22F24807EF}.Debug|x86.ActiveCfg = Debug|Any CPU
		{A91ED73E-EC67-4B65-B83A-9C22F24807EF}.Debug|x86.Build.0 = Debug|Any CPU
		{A91ED73E-EC67-4B65-B83A-9C22F24807EF}.Release|Any CPU.ActiveCfg = Release|Any CPU
		{A91ED73E-EC67-4B65-B83A-9C22F24807EF}.Release|Any CPU.Build.0 = Release|Any CPU
		{A91ED73E-EC67-4B65-B83A-9C22F24807EF}.Release|ARM.ActiveCfg = Release|Any CPU
		{A91ED73E-EC67-4B65-B83A-9C22F24807EF}.Release|ARM.Build.0 = Release|Any CPU
		{A91ED73E-EC67-4B65-B83A-9C22F24807EF}.Release|ARM64.ActiveCfg = Release|Any CPU
		{A91ED73E-EC67-4B65-B83A-9C22F24807EF}.Release|ARM64.Build.0 = Release|Any CPU
		{A91ED73E-EC67-4B65-B83A-9C22F24807EF}.Release|x64.ActiveCfg = Release|Any CPU
		{A91ED73E-EC67-4B65-B83A-9C22F24807EF}.Release|x64.Build.0 = Release|Any CPU
		{A91ED73E-EC67-4B65-B83A-9C22F24807EF}.Release|x86.ActiveCfg = Release|Any CPU
		{A91ED73E-EC67-4B65-B83A-9C22F24807EF}.Release|x86.Build.0 = Release|Any CPU
	EndGlobalSection
	GlobalSection(SolutionProperties) = preSolution
		HideSolutionNode = FALSE
	EndGlobalSection
	GlobalSection(NestedProjects) = preSolution
		{32080683-C9C1-4966-89D5-47DB5B45142B} = {8DC90DA5-9067-418E-AB8F-21304D22B10F}
		{3CF5B9B4-8C1B-4492-88AD-1D975292DEE0} = {8DC90DA5-9067-418E-AB8F-21304D22B10F}
		{1B365052-D3B5-4819-B5EB-B40703FAC6AF} = {8DC90DA5-9067-418E-AB8F-21304D22B10F}
		{69A805B2-11AE-446A-BFA8-EDDEDD45AC57} = {8DC90DA5-9067-418E-AB8F-21304D22B10F}
		{9D10E639-76FD-4052-AB97-DCC0EE36FA99} = {8DC90DA5-9067-418E-AB8F-21304D22B10F}
		{A91ED73E-EC67-4B65-B83A-9C22F24807EF} = {8DC90DA5-9067-418E-AB8F-21304D22B10F}
	EndGlobalSection
	GlobalSection(ExtensibilityGlobals) = postSolution
		SolutionGuid = {0D6BD376-FFB1-4399-8104-4B0C6CE34B4A}
	EndGlobalSection
EndGlobal
